{
  "name": "@hyperone/cli-device-node",
  "version": "2.0.8",
  "lockfileVersion": 1,
  "requires": true,
  "dependencies": {
    "markdown-table": {
      "version": "2.0.0",
      "resolved": "https://registry.npmjs.org/markdown-table/-/markdown-table-2.0.0.tgz",
      "integrity": "sha512-Ezda85ToJUBhM6WGaG6veasyym+Tbs3cMAw/ZhOPqXiYsr0jgocBV3j3nx+4lk47plLlIqjwuTm/ywVI+zjJ/A==",
      "dev": true,
      "requires": {
        "repeat-string": "^1.0.0"
      }
    },
    "repeat-string": {
      "version": "1.6.1",
      "resolved": "https://registry.npmjs.org/repeat-string/-/repeat-string-1.6.1.tgz",
      "integrity": "sha1-jcrkcOHIirwtYA//Sndihtp15jc=",
      "dev": true
    }
  }
}
